// !$*UTF8*$!
{
	archiveVersion = 1;
	classes = {
	};
	objectVersion = 56;
	objects = {

/* Begin PBXBuildFile section */
		4807CB672B0E73A400FDDD76 /* AppFeature.swift in Sources */ = {isa = PBXBuildFile; fileRef = 4807CB662B0E73A400FDDD76 /* AppFeature.swift */; };
		4807CB692B0E73C800FDDD76 /* FeatureReducer.swift in Sources */ = {isa = PBXBuildFile; fileRef = 4807CB682B0E73C800FDDD76 /* FeatureReducer.swift */; };
		4807CB6F2B0E749D00FDDD76 /* ComposableArchitecture in Frameworks */ = {isa = PBXBuildFile; productRef = 4807CB6E2B0E749D00FDDD76 /* ComposableArchitecture */; };
		4807CB722B0E753300FDDD76 /* OnboardingFeature.swift in Sources */ = {isa = PBXBuildFile; fileRef = 4807CB712B0E753300FDDD76 /* OnboardingFeature.swift */; };
		4807CB752B0E758300FDDD76 /* OnboardingStartupFeature.swift in Sources */ = {isa = PBXBuildFile; fileRef = 4807CB742B0E758300FDDD76 /* OnboardingStartupFeature.swift */; };
		4807CB782B0E75CA00FDDD76 /* RestoreProfileFromBackupCoordinatorFeature.swift in Sources */ = {isa = PBXBuildFile; fileRef = 4807CB772B0E75CA00FDDD76 /* RestoreProfileFromBackupCoordinatorFeature.swift */; };
		4807CB7B2B0E761800FDDD76 /* SelectBackupFeature.swift in Sources */ = {isa = PBXBuildFile; fileRef = 4807CB7A2B0E761800FDDD76 /* SelectBackupFeature.swift */; };
		4807CB7E2B0E766C00FDDD76 /* RecoverWalletWithoutProfileCoordinatorFeature.swift in Sources */ = {isa = PBXBuildFile; fileRef = 4807CB7D2B0E766C00FDDD76 /* RecoverWalletWithoutProfileCoordinatorFeature.swift */; };
		4807CB832B0E76F700FDDD76 /* RecoverWalletWithoutProfileStartFeature.swift in Sources */ = {isa = PBXBuildFile; fileRef = 4807CB822B0E76F700FDDD76 /* RecoverWalletWithoutProfileStartFeature.swift */; };
		4807CB872B0F2D9600FDDD76 /* AccountRecoveryScanCoordinatorFeature.swift in Sources */ = {isa = PBXBuildFile; fileRef = 4807CB862B0F2D9600FDDD76 /* AccountRecoveryScanCoordinatorFeature.swift */; };
		4807CB8A2B0F2E1B00FDDD76 /* AccountRecoveryScanInProgressFeature.swift in Sources */ = {isa = PBXBuildFile; fileRef = 4807CB892B0F2E1B00FDDD76 /* AccountRecoveryScanInProgressFeature.swift */; };
		4807CB8C2B0F316700FDDD76 /* Footer.swift in Sources */ = {isa = PBXBuildFile; fileRef = 4807CB8B2B0F316700FDDD76 /* Footer.swift */; };
		4807CB8F2B0F35E200FDDD76 /* RecoverWalletControlWithBDFSOnly.swift in Sources */ = {isa = PBXBuildFile; fileRef = 4807CB8E2B0F35E200FDDD76 /* RecoverWalletControlWithBDFSOnly.swift */; };
		4807CB922B0F369600FDDD76 /* ImportMnemonicFeature.swift in Sources */ = {isa = PBXBuildFile; fileRef = 4807CB912B0F369600FDDD76 /* ImportMnemonicFeature.swift */; };
		4807CB952B0F39EE00FDDD76 /* RecoverWalletControlWithBDFSCompleteFeature.swift in Sources */ = {isa = PBXBuildFile; fileRef = 4807CB942B0F39EE00FDDD76 /* RecoverWalletControlWithBDFSCompleteFeature.swift */; };
		4807CB972B0F451900FDDD76 /* DerivePublicKeysFeature.swift in Sources */ = {isa = PBXBuildFile; fileRef = 4807CB962B0F451900FDDD76 /* DerivePublicKeysFeature.swift */; };
		480A12432B0E7265009FA3C6 /* TCASendBugApp.swift in Sources */ = {isa = PBXBuildFile; fileRef = 480A12422B0E7265009FA3C6 /* TCASendBugApp.swift */; };
		480A12452B0E7265009FA3C6 /* ContentView.swift in Sources */ = {isa = PBXBuildFile; fileRef = 480A12442B0E7265009FA3C6 /* ContentView.swift */; };
		480A12472B0E7266009FA3C6 /* Assets.xcassets in Resources */ = {isa = PBXBuildFile; fileRef = 480A12462B0E7266009FA3C6 /* Assets.xcassets */; };
		480A124A2B0E7266009FA3C6 /* Preview Assets.xcassets in Resources */ = {isa = PBXBuildFile; fileRef = 480A12492B0E7266009FA3C6 /* Preview Assets.xcassets */; };
/* End PBXBuildFile section */

/* Begin PBXFileReference section */
		4807CB662B0E73A400FDDD76 /* AppFeature.swift */ = {isa = PBXFileReference; lastKnownFileType = sourcecode.swift; path = AppFeature.swift; sourceTree = "<group>"; };
		4807CB682B0E73C800FDDD76 /* FeatureReducer.swift */ = {isa = PBXFileReference; lastKnownFileType = sourcecode.swift; path = FeatureReducer.swift; sourceTree = "<group>"; };
		4807CB712B0E753300FDDD76 /* OnboardingFeature.swift */ = {isa = PBXFileReference; lastKnownFileType = sourcecode.swift; path = OnboardingFeature.swift; sourceTree = "<group>"; };
		4807CB742B0E758300FDDD76 /* OnboardingStartupFeature.swift */ = {isa = PBXFileReference; lastKnownFileType = sourcecode.swift; path = OnboardingStartupFeature.swift; sourceTree = "<group>"; };
		4807CB772B0E75CA00FDDD76 /* RestoreProfileFromBackupCoordinatorFeature.swift */ = {isa = PBXFileReference; lastKnownFileType = sourcecode.swift; path = RestoreProfileFromBackupCoordinatorFeature.swift; sourceTree = "<group>"; };
		4807CB7A2B0E761800FDDD76 /* SelectBackupFeature.swift */ = {isa = PBXFileReference; lastKnownFileType = sourcecode.swift; path = SelectBackupFeature.swift; sourceTree = "<group>"; };
		4807CB7D2B0E766C00FDDD76 /* RecoverWalletWithoutProfileCoordinatorFeature.swift */ = {isa = PBXFileReference; lastKnownFileType = sourcecode.swift; path = RecoverWalletWithoutProfileCoordinatorFeature.swift; sourceTree = "<group>"; };
		4807CB822B0E76F700FDDD76 /* RecoverWalletWithoutProfileStartFeature.swift */ = {isa = PBXFileReference; lastKnownFileType = sourcecode.swift; path = RecoverWalletWithoutProfileStartFeature.swift; sourceTree = "<group>"; };
		4807CB862B0F2D9600FDDD76 /* AccountRecoveryScanCoordinatorFeature.swift */ = {isa = PBXFileReference; lastKnownFileType = sourcecode.swift; path = AccountRecoveryScanCoordinatorFeature.swift; sourceTree = "<group>"; };
		4807CB892B0F2E1B00FDDD76 /* AccountRecoveryScanInProgressFeature.swift */ = {isa = PBXFileReference; lastKnownFileType = sourcecode.swift; path = AccountRecoveryScanInProgressFeature.swift; sourceTree = "<group>"; };
		4807CB8B2B0F316700FDDD76 /* Footer.swift */ = {isa = PBXFileReference; lastKnownFileType = sourcecode.swift; path = Footer.swift; sourceTree = "<group>"; };
		4807CB8E2B0F35E200FDDD76 /* RecoverWalletControlWithBDFSOnly.swift */ = {isa = PBXFileReference; lastKnownFileType = sourcecode.swift; path = RecoverWalletControlWithBDFSOnly.swift; sourceTree = "<group>"; };
		4807CB912B0F369600FDDD76 /* ImportMnemonicFeature.swift */ = {isa = PBXFileReference; lastKnownFileType = sourcecode.swift; path = ImportMnemonicFeature.swift; sourceTree = "<group>"; };
		4807CB942B0F39EE00FDDD76 /* RecoverWalletControlWithBDFSCompleteFeature.swift */ = {isa = PBXFileReference; lastKnownFileType = sourcecode.swift; path = RecoverWalletControlWithBDFSCompleteFeature.swift; sourceTree = "<group>"; };
		4807CB962B0F451900FDDD76 /* DerivePublicKeysFeature.swift */ = {isa = PBXFileReference; lastKnownFileType = sourcecode.swift; path = DerivePublicKeysFeature.swift; sourceTree = "<group>"; };
		480A123F2B0E7265009FA3C6 /* TCASendBug.app */ = {isa = PBXFileReference; explicitFileType = wrapper.application; includeInIndex = 0; path = TCASendBug.app; sourceTree = BUILT_PRODUCTS_DIR; };
		480A12422B0E7265009FA3C6 /* TCASendBugApp.swift */ = {isa = PBXFileReference; lastKnownFileType = sourcecode.swift; path = TCASendBugApp.swift; sourceTree = "<group>"; };
		480A12442B0E7265009FA3C6 /* ContentView.swift */ = {isa = PBXFileReference; lastKnownFileType = sourcecode.swift; path = ContentView.swift; sourceTree = "<group>"; };
		480A12462B0E7266009FA3C6 /* Assets.xcassets */ = {isa = PBXFileReference; lastKnownFileType = folder.assetcatalog; path = Assets.xcassets; sourceTree = "<group>"; };
		480A12492B0E7266009FA3C6 /* Preview Assets.xcassets */ = {isa = PBXFileReference; lastKnownFileType = folder.assetcatalog; path = "Preview Assets.xcassets"; sourceTree = "<group>"; };
/* End PBXFileReference section */

/* Begin PBXFrameworksBuildPhase section */
		480A123C2B0E7265009FA3C6 /* Frameworks */ = {
			isa = PBXFrameworksBuildPhase;
			buildActionMask = 2147483647;
			files = (
				4807CB6F2B0E749D00FDDD76 /* ComposableArchitecture in Frameworks */,
			);
			runOnlyForDeploymentPostprocessing = 0;
		};
/* End PBXFrameworksBuildPhase section */

/* Begin PBXGroup section */
		4807CB642B0E739600FDDD76 /* Features */ = {
			isa = PBXGroup;
			children = (
				4807CB652B0E739900FDDD76 /* 0_App */,
				4807CB702B0E74F800FDDD76 /* 1_Onboarding */,
				4807CB732B0E757400FDDD76 /* 2_OnboardingStartup */,
				4807CB762B0E75BB00FDDD76 /* 3_RestoreProfileFromBackupCoordinator */,
				4807CB792B0E760600FDDD76 /* 4_SelectBackup */,
				4807CB7C2B0E764F00FDDD76 /* 5_RecoverWalletWithoutProfileCoordinator */,
				4807CB842B0F2D7300FDDD76 /* 6_AccountRecoveryScan */,
				4807CB682B0E73C800FDDD76 /* FeatureReducer.swift */,
			);
			path = Features;
			sourceTree = "<group>";
		};
		4807CB652B0E739900FDDD76 /* 0_App */ = {
			isa = PBXGroup;
			children = (
				4807CB662B0E73A400FDDD76 /* AppFeature.swift */,
			);
			path = 0_App;
			sourceTree = "<group>";
		};
		4807CB702B0E74F800FDDD76 /* 1_Onboarding */ = {
			isa = PBXGroup;
			children = (
				4807CB712B0E753300FDDD76 /* OnboardingFeature.swift */,
			);
			path = 1_Onboarding;
			sourceTree = "<group>";
		};
		4807CB732B0E757400FDDD76 /* 2_OnboardingStartup */ = {
			isa = PBXGroup;
			children = (
				4807CB742B0E758300FDDD76 /* OnboardingStartupFeature.swift */,
			);
			path = 2_OnboardingStartup;
			sourceTree = "<group>";
		};
		4807CB762B0E75BB00FDDD76 /* 3_RestoreProfileFromBackupCoordinator */ = {
			isa = PBXGroup;
			children = (
				4807CB772B0E75CA00FDDD76 /* RestoreProfileFromBackupCoordinatorFeature.swift */,
			);
			path = 3_RestoreProfileFromBackupCoordinator;
			sourceTree = "<group>";
		};
		4807CB792B0E760600FDDD76 /* 4_SelectBackup */ = {
			isa = PBXGroup;
			children = (
				4807CB7A2B0E761800FDDD76 /* SelectBackupFeature.swift */,
			);
			path = 4_SelectBackup;
			sourceTree = "<group>";
		};
		4807CB7C2B0E764F00FDDD76 /* 5_RecoverWalletWithoutProfileCoordinator */ = {
			isa = PBXGroup;
			children = (
				4807CB802B0E76E500FDDD76 /* Children */,
				4807CB7D2B0E766C00FDDD76 /* RecoverWalletWithoutProfileCoordinatorFeature.swift */,
			);
			path = 5_RecoverWalletWithoutProfileCoordinator;
			sourceTree = "<group>";
		};
		4807CB802B0E76E500FDDD76 /* Children */ = {
			isa = PBXGroup;
			children = (
				4807CB932B0F39E100FDDD76 /* D_RecoverWalletControlWithBDFSComplete */,
				4807CB902B0F368D00FDDD76 /* C_ImportMnemonic */,
				4807CB8D2B0F35BF00FDDD76 /* B_RecoverWalletControlWithBDFSOnly */,
				4807CB812B0E76ED00FDDD76 /* A_RecoverWalletWithoutProfileStart */,
			);
			path = Children;
			sourceTree = "<group>";
		};
		4807CB812B0E76ED00FDDD76 /* A_RecoverWalletWithoutProfileStart */ = {
			isa = PBXGroup;
			children = (
				4807CB822B0E76F700FDDD76 /* RecoverWalletWithoutProfileStartFeature.swift */,
			);
			path = A_RecoverWalletWithoutProfileStart;
			sourceTree = "<group>";
		};
		4807CB842B0F2D7300FDDD76 /* 6_AccountRecoveryScan */ = {
			isa = PBXGroup;
			children = (
				4807CB882B0F2E0700FDDD76 /* B_AccountRecoveryScanInProgress */,
				4807CB852B0F2D7B00FDDD76 /* A_AccountRecoveryScanCoordinator */,
			);
			path = 6_AccountRecoveryScan;
			sourceTree = "<group>";
		};
		4807CB852B0F2D7B00FDDD76 /* A_AccountRecoveryScanCoordinator */ = {
			isa = PBXGroup;
			children = (
				4807CB862B0F2D9600FDDD76 /* AccountRecoveryScanCoordinatorFeature.swift */,
			);
			path = A_AccountRecoveryScanCoordinator;
			sourceTree = "<group>";
		};
		4807CB882B0F2E0700FDDD76 /* B_AccountRecoveryScanInProgress */ = {
			isa = PBXGroup;
			children = (
				4807CB892B0F2E1B00FDDD76 /* AccountRecoveryScanInProgressFeature.swift */,
				4807CB962B0F451900FDDD76 /* DerivePublicKeysFeature.swift */,
			);
			path = B_AccountRecoveryScanInProgress;
			sourceTree = "<group>";
		};
		4807CB8D2B0F35BF00FDDD76 /* B_RecoverWalletControlWithBDFSOnly */ = {
			isa = PBXGroup;
			children = (
				4807CB8E2B0F35E200FDDD76 /* RecoverWalletControlWithBDFSOnly.swift */,
			);
			path = B_RecoverWalletControlWithBDFSOnly;
			sourceTree = "<group>";
		};
		4807CB902B0F368D00FDDD76 /* C_ImportMnemonic */ = {
			isa = PBXGroup;
			children = (
				4807CB912B0F369600FDDD76 /* ImportMnemonicFeature.swift */,
			);
			path = C_ImportMnemonic;
			sourceTree = "<group>";
		};
		4807CB932B0F39E100FDDD76 /* D_RecoverWalletControlWithBDFSComplete */ = {
			isa = PBXGroup;
			children = (
				4807CB942B0F39EE00FDDD76 /* RecoverWalletControlWithBDFSCompleteFeature.swift */,
			);
			path = D_RecoverWalletControlWithBDFSComplete;
			sourceTree = "<group>";
		};
		480A12362B0E7265009FA3C6 = {
			isa = PBXGroup;
			children = (
				480A12412B0E7265009FA3C6 /* TCASendBug */,
				480A12402B0E7265009FA3C6 /* Products */,
			);
			sourceTree = "<group>";
		};
		480A12402B0E7265009FA3C6 /* Products */ = {
			isa = PBXGroup;
			children = (
				480A123F2B0E7265009FA3C6 /* TCASendBug.app */,
			);
			name = Products;
			sourceTree = "<group>";
		};
		480A12412B0E7265009FA3C6 /* TCASendBug */ = {
			isa = PBXGroup;
			children = (
				4807CB642B0E739600FDDD76 /* Features */,
				480A12422B0E7265009FA3C6 /* TCASendBugApp.swift */,
				480A12442B0E7265009FA3C6 /* ContentView.swift */,
				480A12462B0E7266009FA3C6 /* Assets.xcassets */,
				480A12482B0E7266009FA3C6 /* Preview Content */,
				4807CB8B2B0F316700FDDD76 /* Footer.swift */,
			);
			path = TCASendBug;
			sourceTree = "<group>";
		};
		480A12482B0E7266009FA3C6 /* Preview Content */ = {
			isa = PBXGroup;
			children = (
				480A12492B0E7266009FA3C6 /* Preview Assets.xcassets */,
			);
			path = "Preview Content";
			sourceTree = "<group>";
		};
/* End PBXGroup section */

/* Begin PBXNativeTarget section */
		480A123E2B0E7265009FA3C6 /* TCASendBug */ = {
			isa = PBXNativeTarget;
			buildConfigurationList = 480A124D2B0E7266009FA3C6 /* Build configuration list for PBXNativeTarget "TCASendBug" */;
			buildPhases = (
				480A123B2B0E7265009FA3C6 /* Sources */,
				480A123C2B0E7265009FA3C6 /* Frameworks */,
				480A123D2B0E7265009FA3C6 /* Resources */,
			);
			buildRules = (
			);
			dependencies = (
			);
			name = TCASendBug;
			packageProductDependencies = (
				4807CB6E2B0E749D00FDDD76 /* ComposableArchitecture */,
			);
			productName = TCASendBug;
			productReference = 480A123F2B0E7265009FA3C6 /* TCASendBug.app */;
			productType = "com.apple.product-type.application";
		};
/* End PBXNativeTarget section */

/* Begin PBXProject section */
		480A12372B0E7265009FA3C6 /* Project object */ = {
			isa = PBXProject;
			attributes = {
				BuildIndependentTargetsInParallel = 1;
				LastSwiftUpdateCheck = 1500;
				LastUpgradeCheck = 1500;
				TargetAttributes = {
					480A123E2B0E7265009FA3C6 = {
						CreatedOnToolsVersion = 15.0.1;
					};
				};
			};
			buildConfigurationList = 480A123A2B0E7265009FA3C6 /* Build configuration list for PBXProject "TCASendBug" */;
			compatibilityVersion = "Xcode 14.0";
			developmentRegion = en;
			hasScannedForEncodings = 0;
			knownRegions = (
				en,
				Base,
			);
			mainGroup = 480A12362B0E7265009FA3C6;
			packageReferences = (
				4807CB6D2B0E749D00FDDD76 /* XCRemoteSwiftPackageReference "swift-composable-architecture" */,
			);
			productRefGroup = 480A12402B0E7265009FA3C6 /* Products */;
			projectDirPath = "";
			projectRoot = "";
			targets = (
				480A123E2B0E7265009FA3C6 /* TCASendBug */,
			);
		};
/* End PBXProject section */

/* Begin PBXResourcesBuildPhase section */
		480A123D2B0E7265009FA3C6 /* Resources */ = {
			isa = PBXResourcesBuildPhase;
			buildActionMask = 2147483647;
			files = (
				480A124A2B0E7266009FA3C6 /* Preview Assets.xcassets in Resources */,
				480A12472B0E7266009FA3C6 /* Assets.xcassets in Resources */,
			);
			runOnlyForDeploymentPostprocessing = 0;
		};
/* End PBXResourcesBuildPhase section */

/* Begin PBXSourcesBuildPhase section */
		480A123B2B0E7265009FA3C6 /* Sources */ = {
			isa = PBXSourcesBuildPhase;
			buildActionMask = 2147483647;
			files = (
				4807CB832B0E76F700FDDD76 /* RecoverWalletWithoutProfileStartFeature.swift in Sources */,
				4807CB722B0E753300FDDD76 /* OnboardingFeature.swift in Sources */,
				4807CB672B0E73A400FDDD76 /* AppFeature.swift in Sources */,
				4807CB8C2B0F316700FDDD76 /* Footer.swift in Sources */,
				4807CB8F2B0F35E200FDDD76 /* RecoverWalletControlWithBDFSOnly.swift in Sources */,
				4807CB872B0F2D9600FDDD76 /* AccountRecoveryScanCoordinatorFeature.swift in Sources */,
				4807CB692B0E73C800FDDD76 /* FeatureReducer.swift in Sources */,
				480A12452B0E7265009FA3C6 /* ContentView.swift in Sources */,
				4807CB8A2B0F2E1B00FDDD76 /* AccountRecoveryScanInProgressFeature.swift in Sources */,
				4807CB7E2B0E766C00FDDD76 /* RecoverWalletWithoutProfileCoordinatorFeature.swift in Sources */,
				4807CB782B0E75CA00FDDD76 /* RestoreProfileFromBackupCoordinatorFeature.swift in Sources */,
				4807CB972B0F451900FDDD76 /* DerivePublicKeysFeature.swift in Sources */,
				4807CB922B0F369600FDDD76 /* ImportMnemonicFeature.swift in Sources */,
				480A12432B0E7265009FA3C6 /* TCASendBugApp.swift in Sources */,
				4807CB7B2B0E761800FDDD76 /* SelectBackupFeature.swift in Sources */,
				4807CB752B0E758300FDDD76 /* OnboardingStartupFeature.swift in Sources */,
				4807CB952B0F39EE00FDDD76 /* RecoverWalletControlWithBDFSCompleteFeature.swift in Sources */,
			);
			runOnlyForDeploymentPostprocessing = 0;
		};
/* End PBXSourcesBuildPhase section */

/* Begin XCBuildConfiguration section */
		480A124B2B0E7266009FA3C6 /* Debug */ = {
			isa = XCBuildConfiguration;
			buildSettings = {
				ALWAYS_SEARCH_USER_PATHS = NO;
				ASSETCATALOG_COMPILER_GENERATE_SWIFT_ASSET_SYMBOL_EXTENSIONS = YES;
				CLANG_ANALYZER_NONNULL = YES;
				CLANG_ANALYZER_NUMBER_OBJECT_CONVERSION = YES_AGGRESSIVE;
				CLANG_CXX_LANGUAGE_STANDARD = "gnu++20";
				CLANG_ENABLE_MODULES = YES;
				CLANG_ENABLE_OBJC_ARC = YES;
				CLANG_ENABLE_OBJC_WEAK = YES;
				CLANG_WARN_BLOCK_CAPTURE_AUTORELEASING = YES;
				CLANG_WARN_BOOL_CONVERSION = YES;
				CLANG_WARN_COMMA = YES;
				CLANG_WARN_CONSTANT_CONVERSION = YES;
				CLANG_WARN_DEPRECATED_OBJC_IMPLEMENTATIONS = YES;
				CLANG_WARN_DIRECT_OBJC_ISA_USAGE = YES_ERROR;
				CLANG_WARN_DOCUMENTATION_COMMENTS = YES;
				CLANG_WARN_EMPTY_BODY = YES;
				CLANG_WARN_ENUM_CONVERSION = YES;
				CLANG_WARN_INFINITE_RECURSION = YES;
				CLANG_WARN_INT_CONVERSION = YES;
				CLANG_WARN_NON_LITERAL_NULL_CONVERSION = YES;
				CLANG_WARN_OBJC_IMPLICIT_RETAIN_SELF = YES;
				CLANG_WARN_OBJC_LITERAL_CONVERSION = YES;
				CLANG_WARN_OBJC_ROOT_CLASS = YES_ERROR;
				CLANG_WARN_QUOTED_INCLUDE_IN_FRAMEWORK_HEADER = YES;
				CLANG_WARN_RANGE_LOOP_ANALYSIS = YES;
				CLANG_WARN_STRICT_PROTOTYPES = YES;
				CLANG_WARN_SUSPICIOUS_MOVE = YES;
				CLANG_WARN_UNGUARDED_AVAILABILITY = YES_AGGRESSIVE;
				CLANG_WARN_UNREACHABLE_CODE = YES;
				CLANG_WARN__DUPLICATE_METHOD_MATCH = YES;
				COPY_PHASE_STRIP = NO;
				DEBUG_INFORMATION_FORMAT = dwarf;
				ENABLE_STRICT_OBJC_MSGSEND = YES;
				ENABLE_TESTABILITY = YES;
				ENABLE_USER_SCRIPT_SANDBOXING = YES;
				GCC_C_LANGUAGE_STANDARD = gnu17;
				GCC_DYNAMIC_NO_PIC = NO;
				GCC_NO_COMMON_BLOCKS = YES;
				GCC_OPTIMIZATION_LEVEL = 0;
				GCC_PREPROCESSOR_DEFINITIONS = (
					"DEBUG=1",
					"$(inherited)",
				);
				GCC_WARN_64_TO_32_BIT_CONVERSION = YES;
				GCC_WARN_ABOUT_RETURN_TYPE = YES_ERROR;
				GCC_WARN_UNDECLARED_SELECTOR = YES;
				GCC_WARN_UNINITIALIZED_AUTOS = YES_AGGRESSIVE;
				GCC_WARN_UNUSED_FUNCTION = YES;
				GCC_WARN_UNUSED_VARIABLE = YES;
				IPHONEOS_DEPLOYMENT_TARGET = 17.0;
				LOCALIZATION_PREFERS_STRING_CATALOGS = YES;
				MTL_ENABLE_DEBUG_INFO = INCLUDE_SOURCE;
				MTL_FAST_MATH = YES;
				ONLY_ACTIVE_ARCH = YES;
				SDKROOT = iphoneos;
				SWIFT_ACTIVE_COMPILATION_CONDITIONS = "DEBUG $(inherited)";
				SWIFT_OPTIMIZATION_LEVEL = "-Onone";
			};
			name = Debug;
		};
		480A124C2B0E7266009FA3C6 /* Release */ = {
			isa = XCBuildConfiguration;
			buildSettings = {
				ALWAYS_SEARCH_USER_PATHS = NO;
				ASSETCATALOG_COMPILER_GENERATE_SWIFT_ASSET_SYMBOL_EXTENSIONS = YES;
				CLANG_ANALYZER_NONNULL = YES;
				CLANG_ANALYZER_NUMBER_OBJECT_CONVERSION = YES_AGGRESSIVE;
				CLANG_CXX_LANGUAGE_STANDARD = "gnu++20";
				CLANG_ENABLE_MODULES = YES;
				CLANG_ENABLE_OBJC_ARC = YES;
				CLANG_ENABLE_OBJC_WEAK = YES;
				CLANG_WARN_BLOCK_CAPTURE_AUTORELEASING = YES;
				CLANG_WARN_BOOL_CONVERSION = YES;
				CLANG_WARN_COMMA = YES;
				CLANG_WARN_CONSTANT_CONVERSION = YES;
				CLANG_WARN_DEPRECATED_OBJC_IMPLEMENTATIONS = YES;
				CLANG_WARN_DIRECT_OBJC_ISA_USAGE = YES_ERROR;
				CLANG_WARN_DOCUMENTATION_COMMENTS = YES;
				CLANG_WARN_EMPTY_BODY = YES;
				CLANG_WARN_ENUM_CONVERSION = YES;
				CLANG_WARN_INFINITE_RECURSION = YES;
				CLANG_WARN_INT_CONVERSION = YES;
				CLANG_WARN_NON_LITERAL_NULL_CONVERSION = YES;
				CLANG_WARN_OBJC_IMPLICIT_RETAIN_SELF = YES;
				CLANG_WARN_OBJC_LITERAL_CONVERSION = YES;
				CLANG_WARN_OBJC_ROOT_CLASS = YES_ERROR;
				CLANG_WARN_QUOTED_INCLUDE_IN_FRAMEWORK_HEADER = YES;
				CLANG_WARN_RANGE_LOOP_ANALYSIS = YES;
				CLANG_WARN_STRICT_PROTOTYPES = YES;
				CLANG_WARN_SUSPICIOUS_MOVE = YES;
				CLANG_WARN_UNGUARDED_AVAILABILITY = YES_AGGRESSIVE;
				CLANG_WARN_UNREACHABLE_CODE = YES;
				CLANG_WARN__DUPLICATE_METHOD_MATCH = YES;
				COPY_PHASE_STRIP = NO;
				DEBUG_INFORMATION_FORMAT = "dwarf-with-dsym";
				ENABLE_NS_ASSERTIONS = NO;
				ENABLE_STRICT_OBJC_MSGSEND = YES;
				ENABLE_USER_SCRIPT_SANDBOXING = YES;
				GCC_C_LANGUAGE_STANDARD = gnu17;
				GCC_NO_COMMON_BLOCKS = YES;
				GCC_WARN_64_TO_32_BIT_CONVERSION = YES;
				GCC_WARN_ABOUT_RETURN_TYPE = YES_ERROR;
				GCC_WARN_UNDECLARED_SELECTOR = YES;
				GCC_WARN_UNINITIALIZED_AUTOS = YES_AGGRESSIVE;
				GCC_WARN_UNUSED_FUNCTION = YES;
				GCC_WARN_UNUSED_VARIABLE = YES;
				IPHONEOS_DEPLOYMENT_TARGET = 17.0;
				LOCALIZATION_PREFERS_STRING_CATALOGS = YES;
				MTL_ENABLE_DEBUG_INFO = NO;
				MTL_FAST_MATH = YES;
				SDKROOT = iphoneos;
				SWIFT_COMPILATION_MODE = wholemodule;
				VALIDATE_PRODUCT = YES;
			};
			name = Release;
		};
		480A124E2B0E7266009FA3C6 /* Debug */ = {
			isa = XCBuildConfiguration;
			buildSettings = {
				ASSETCATALOG_COMPILER_APPICON_NAME = AppIcon;
				ASSETCATALOG_COMPILER_GLOBAL_ACCENT_COLOR_NAME = AccentColor;
				CODE_SIGN_STYLE = Automatic;
				CURRENT_PROJECT_VERSION = 1;
				DEVELOPMENT_ASSET_PATHS = "\"TCASendBug/Preview Content\"";
				DEVELOPMENT_TEAM = S33QJG3B86;
				ENABLE_PREVIEWS = YES;
				GENERATE_INFOPLIST_FILE = YES;
				INFOPLIST_KEY_UIApplicationSceneManifest_Generation = YES;
				INFOPLIST_KEY_UIApplicationSupportsIndirectInputEvents = YES;
				INFOPLIST_KEY_UILaunchScreen_Generation = YES;
				INFOPLIST_KEY_UISupportedInterfaceOrientations_iPad = "UIInterfaceOrientationPortrait UIInterfaceOrientationPortraitUpsideDown UIInterfaceOrientationLandscapeLeft UIInterfaceOrientationLandscapeRight";
				INFOPLIST_KEY_UISupportedInterfaceOrientations_iPhone = "UIInterfaceOrientationPortrait UIInterfaceOrientationLandscapeLeft UIInterfaceOrientationLandscapeRight";
				LD_RUNPATH_SEARCH_PATHS = (
					"$(inherited)",
					"@executable_path/Frameworks",
				);
				MARKETING_VERSION = 1.0;
				PRODUCT_BUNDLE_IDENTIFIER = com.cyonconsulting.TCASendBug;
				PRODUCT_NAME = "$(TARGET_NAME)";
				SWIFT_EMIT_LOC_STRINGS = YES;
				SWIFT_VERSION = 5.0;
				TARGETED_DEVICE_FAMILY = "1,2";
			};
			name = Debug;
		};
		480A124F2B0E7266009FA3C6 /* Release */ = {
			isa = XCBuildConfiguration;
			buildSettings = {
				ASSETCATALOG_COMPILER_APPICON_NAME = AppIcon;
				ASSETCATALOG_COMPILER_GLOBAL_ACCENT_COLOR_NAME = AccentColor;
				CODE_SIGN_STYLE = Automatic;
				CURRENT_PROJECT_VERSION = 1;
				DEVELOPMENT_ASSET_PATHS = "\"TCASendBug/Preview Content\"";
				DEVELOPMENT_TEAM = S33QJG3B86;
				ENABLE_PREVIEWS = YES;
				GENERATE_INFOPLIST_FILE = YES;
				INFOPLIST_KEY_UIApplicationSceneManifest_Generation = YES;
				INFOPLIST_KEY_UIApplicationSupportsIndirectInputEvents = YES;
				INFOPLIST_KEY_UILaunchScreen_Generation = YES;
				INFOPLIST_KEY_UISupportedInterfaceOrientations_iPad = "UIInterfaceOrientationPortrait UIInterfaceOrientationPortraitUpsideDown UIInterfaceOrientationLandscapeLeft UIInterfaceOrientationLandscapeRight";
				INFOPLIST_KEY_UISupportedInterfaceOrientations_iPhone = "UIInterfaceOrientationPortrait UIInterfaceOrientationLandscapeLeft UIInterfaceOrientationLandscapeRight";
				LD_RUNPATH_SEARCH_PATHS = (
					"$(inherited)",
					"@executable_path/Frameworks",
				);
				MARKETING_VERSION = 1.0;
				PRODUCT_BUNDLE_IDENTIFIER = com.cyonconsulting.TCASendBug;
				PRODUCT_NAME = "$(TARGET_NAME)";
				SWIFT_EMIT_LOC_STRINGS = YES;
				SWIFT_VERSION = 5.0;
				TARGETED_DEVICE_FAMILY = "1,2";
			};
			name = Release;
		};
/* End XCBuildConfiguration section */

/* Begin XCConfigurationList section */
		480A123A2B0E7265009FA3C6 /* Build configuration list for PBXProject "TCASendBug" */ = {
			isa = XCConfigurationList;
			buildConfigurations = (
				480A124B2B0E7266009FA3C6 /* Debug */,
				480A124C2B0E7266009FA3C6 /* Release */,
			);
			defaultConfigurationIsVisible = 0;
			defaultConfigurationName = Release;
		};
		480A124D2B0E7266009FA3C6 /* Build configuration list for PBXNativeTarget "TCASendBug" */ = {
			isa = XCConfigurationList;
			buildConfigurations = (
				480A124E2B0E7266009FA3C6 /* Debug */,
				480A124F2B0E7266009FA3C6 /* Release */,
			);
			defaultConfigurationIsVisible = 0;
			defaultConfigurationName = Release;
		};
/* End XCConfigurationList section */

/* Begin XCRemoteSwiftPackageReference section */
		4807CB6D2B0E749D00FDDD76 /* XCRemoteSwiftPackageReference "swift-composable-architecture" */ = {
			isa = XCRemoteSwiftPackageReference;
			repositoryURL = "https://github.com/pointfreeco/swift-composable-architecture.git";
			requirement = {
				kind = exactVersion;
				version = 1.3.0;
			};
		};
/* End XCRemoteSwiftPackageReference section */

/* Begin XCSwiftPackageProductDependency section */
		4807CB6E2B0E749D00FDDD76 /* ComposableArchitecture */ = {
			isa = XCSwiftPackageProductDependency;
			package = 4807CB6D2B0E749D00FDDD76 /* XCRemoteSwiftPackageReference "swift-composable-architecture" */;
			productName = ComposableArchitecture;
		};
/* End XCSwiftPackageProductDependency section */
	};
	rootObject = 480A12372B0E7265009FA3C6 /* Project object */;
}
